<?xml version="1.0" encoding="UTF-8"?>
<Project ToolsVersion="14.0" xmlns="http://schemas.microsoft.com/developer/msbuild/2003">
  <ItemGroup>
    <ClCompile Include="Y:\Documents\work-ubuntu\zqrpc-master\examples\EchoClient.cc">
      <Filter>Source Files</Filter>
    </ClCompile>
  </ItemGroup>
  <ItemGroup>
    <CustomBuild Include="Y:\Documents\work-ubuntu\zqrpc-master\examples\CMakeLists.txt" />
  </ItemGroup>
  <ItemGroup>
    <Filter Include="Source Files">
      <UniqueIdentifier>{5BB23E48-5611-373F-B168-8200D383A602}</UniqueIdentifier>
    </Filter>
  </ItemGroup>
</Project>
